
Microsoft Visual Studio Solution File, Format Version 12.00
# Visual Studio Version 17
VisualStudioVersion = 17.9.34622.214
MinimumVisualStudioVersion = 10.0.40219.1
Project("{9A19103F-16F7-4668-BE54-9A1E7A4F7556}") = "mastermind", "mastermind\mastermind.csproj", "{011173DC-FDEF-49F7-845C-A9AE021A8EBE}"
EndProject
Global
	GlobalSection(SolutionConfigurationPlatforms) = preSolution
		Debug|Any CPU = Debug|Any CPU
		Release|Any CPU = Release|Any CPU
	EndGlobalSection
	GlobalSection(ProjectConfigurationPlatforms) = postSolution
		{011173DC-FDEF-49F7-845C-A9AE021A8EBE}.Debug|Any CPU.ActiveCfg = Debug|Any CPU
		{011173DC-FDEF-49F7-845C-A9AE021A8EBE}.Debug|Any CPU.Build.0 = Debug|Any CPU
		{011173DC-FDEF-49F7-845C-A9AE021A8EBE}.Release|Any CPU.ActiveCfg = Release|Any CPU
		{011173DC-FDEF-49F7-845C-A9AE021A8EBE}.Release|Any CPU.Build.0 = Release|Any CPU
	EndGlobalSection
	GlobalSection(SolutionProperties) = preSolution
		HideSolutionNode = FALSE
	EndGlobalSection
	GlobalSection(ExtensibilityGlobals) = postSolution
		SolutionGuid = {DA78BA1C-C1F2-46FB-A386-0E5822430ECE}
	EndGlobalSection
EndGlobal
